
Microsoft Visual Studio Solution File, Format Version 12.00
# Visual Studio Version 16
VisualStudioVersion = 16.0.30621.155
MinimumVisualStudioVersion = 10.0.40219.1
Project("{FAE04EC0-301F-11D3-BF4B-00C04F79EFBC}") = "Triangles", "Triangles.csproj", "{A56517FE-AE74-4B0A-A9E4-5D1E4233F128}"
EndProject
Global
	GlobalSection(SolutionConfigurationPlatforms) = preSolution
		Debug|Any CPU = Debug|Any CPU
		Release|Any CPU = Release|Any CPU
	EndGlobalSection
	GlobalSection(ProjectConfigurationPlatforms) = postSolution
		{A56517FE-AE74-4B0A-A9E4-5D1E4233F128}.Debug|Any CPU.ActiveCfg = Debug|Any CPU
		{A56517FE-AE74-4B0A-A9E4-5D1E4233F128}.Debug|Any CPU.Build.0 = Debug|Any CPU
		{A56517FE-AE74-4B0A-A9E4-5D1E4233F128}.Release|Any CPU.ActiveCfg = Release|Any CPU
		{A56517FE-AE74-4B0A-A9E4-5D1E4233F128}.Release|Any CPU.Build.0 = Release|Any CPU
	EndGlobalSection
	GlobalSection(SolutionProperties) = preSolution
		HideSolutionNode = FALSE
	EndGlobalSection
	GlobalSection(ExtensibilityGlobals) = postSolution
		SolutionGuid = {8513749F-C552-4082-98E9-763657BC220A}
	EndGlobalSection
EndGlobal
